
Microsoft Visual Studio Solution File, Format Version 12.00
# Visual Studio Version 17
VisualStudioVersion = 17.4.33103.184
MinimumVisualStudioVersion = 10.0.40219.1
Project("{FAE04EC0-301F-11D3-BF4B-00C04F79EFBC}") = "pr2", "pr2.csproj", "{B4D620AC-44CF-4748-928F-013D5921E98A}"
EndProject
Global
	GlobalSection(SolutionConfigurationPlatforms) = preSolution
		Debug|Any CPU = Debug|Any CPU
		Release|Any CPU = Release|Any CPU
	EndGlobalSection
	GlobalSection(ProjectConfigurationPlatforms) = postSolution
		{B4D620AC-44CF-4748-928F-013D5921E98A}.Debug|Any CPU.ActiveCfg = Debug|Any CPU
		{B4D620AC-44CF-4748-928F-013D5921E98A}.Debug|Any CPU.Build.0 = Debug|Any CPU
		{B4D620AC-44CF-4748-928F-013D5921E98A}.Release|Any CPU.ActiveCfg = Release|Any CPU
		{B4D620AC-44CF-4748-928F-013D5921E98A}.Release|Any CPU.Build.0 = Release|Any CPU
	EndGlobalSection
	GlobalSection(SolutionProperties) = preSolution
		HideSolutionNode = FALSE
	EndGlobalSection
	GlobalSection(ExtensibilityGlobals) = postSolution
		SolutionGuid = {5E391367-8CC1-4D30-9244-6DEB3EF82805}
	EndGlobalSection
EndGlobal
